// !$*UTF8*$!
{
	archiveVersion = 1;
	classes = {
	};
	objectVersion = 48;
	objects = {

/* Begin PBXBuildFile section */
		0127310E2013285500367E2C /* AppDelegate.swift in Sources */ = {isa = PBXBuildFile; fileRef = 0127310D2013285500367E2C /* AppDelegate.swift */; };
		012731202013290E00367E2C /* LoginViewController.swift in Sources */ = {isa = PBXBuildFile; fileRef = 0127311F2013290E00367E2C /* LoginViewController.swift */; };
		012731222013291700367E2C /* RegisterViewController.swift in Sources */ = {isa = PBXBuildFile; fileRef = 012731212013291700367E2C /* RegisterViewController.swift */; };
		012731242013292700367E2C /* MainViewController.swift in Sources */ = {isa = PBXBuildFile; fileRef = 012731232013292700367E2C /* MainViewController.swift */; };
		012731262013297100367E2C /* UIColor.swift in Sources */ = {isa = PBXBuildFile; fileRef = 012731252013297100367E2C /* UIColor.swift */; };
		0127312C201385D500367E2C /* Assets.xcassets in Resources */ = {isa = PBXBuildFile; fileRef = 0127312B201385D500367E2C /* Assets.xcassets */; };
		012731302013AEAE00367E2C /* LineChart.swift in Sources */ = {isa = PBXBuildFile; fileRef = 0127312F2013AEAE00367E2C /* LineChart.swift */; };
		012731322013D64B00367E2C /* SplashViewController.swift in Sources */ = {isa = PBXBuildFile; fileRef = 012731312013D64B00367E2C /* SplashViewController.swift */; };
		012731342013DF3D00367E2C /* RegisterTwoViewController.swift in Sources */ = {isa = PBXBuildFile; fileRef = 012731332013DF3D00367E2C /* RegisterTwoViewController.swift */; };
		012731362013F14E00367E2C /* ReturnMoneyViewController.swift in Sources */ = {isa = PBXBuildFile; fileRef = 012731352013F14E00367E2C /* ReturnMoneyViewController.swift */; };
		012731382013F1EE00367E2C /* InterMoneyViewController.swift in Sources */ = {isa = PBXBuildFile; fileRef = 012731372013F1EE00367E2C /* InterMoneyViewController.swift */; };
		5E2882DC4B6BDDB2417D68A2 /* Pods_CeaCoin.framework in Frameworks */ = {isa = PBXBuildFile; fileRef = D334FC4D4EA5F4D8DB3AF38B /* Pods_CeaCoin.framework */; };
/* End PBXBuildFile section */

/* Begin PBXFileReference section */
		0127310A2013285500367E2C /* CeaCoin.app */ = {isa = PBXFileReference; explicitFileType = wrapper.application; includeInIndex = 0; path = CeaCoin.app; sourceTree = BUILT_PRODUCTS_DIR; };
		0127310D2013285500367E2C /* AppDelegate.swift */ = {isa = PBXFileReference; lastKnownFileType = sourcecode.swift; path = AppDelegate.swift; sourceTree = "<group>"; };
		012731192013285500367E2C /* Info.plist */ = {isa = PBXFileReference; lastKnownFileType = text.plist.xml; path = Info.plist; sourceTree = "<group>"; };
		0127311F2013290E00367E2C /* LoginViewController.swift */ = {isa = PBXFileReference; lastKnownFileType = sourcecode.swift; path = LoginViewController.swift; sourceTree = "<group>"; };
		012731212013291700367E2C /* RegisterViewController.swift */ = {isa = PBXFileReference; lastKnownFileType = sourcecode.swift; path = RegisterViewController.swift; sourceTree = "<group>"; };
		012731232013292700367E2C /* MainViewController.swift */ = {isa = PBXFileReference; lastKnownFileType = sourcecode.swift; path = MainViewController.swift; sourceTree = "<group>"; };
		012731252013297100367E2C /* UIColor.swift */ = {isa = PBXFileReference; lastKnownFileType = sourcecode.swift; path = UIColor.swift; sourceTree = "<group>"; };
		0127312B201385D500367E2C /* Assets.xcassets */ = {isa = PBXFileReference; lastKnownFileType = folder.assetcatalog; path = Assets.xcassets; sourceTree = "<group>"; };
		0127312F2013AEAE00367E2C /* LineChart.swift */ = {isa = PBXFileReference; lastKnownFileType = sourcecode.swift; path = LineChart.swift; sourceTree = "<group>"; };
		012731312013D64B00367E2C /* SplashViewController.swift */ = {isa = PBXFileReference; lastKnownFileType = sourcecode.swift; path = SplashViewController.swift; sourceTree = "<group>"; };
		012731332013DF3D00367E2C /* RegisterTwoViewController.swift */ = {isa = PBXFileReference; lastKnownFileType = sourcecode.swift; path = RegisterTwoViewController.swift; sourceTree = "<group>"; };
		012731352013F14E00367E2C /* ReturnMoneyViewController.swift */ = {isa = PBXFileReference; lastKnownFileType = sourcecode.swift; path = ReturnMoneyViewController.swift; sourceTree = "<group>"; };
		012731372013F1EE00367E2C /* InterMoneyViewController.swift */ = {isa = PBXFileReference; lastKnownFileType = sourcecode.swift; path = InterMoneyViewController.swift; sourceTree = "<group>"; };
		30D39468EFD31EC434EFF278 /* Pods-CeaCoin.debug.xcconfig */ = {isa = PBXFileReference; includeInIndex = 1; lastKnownFileType = text.xcconfig; name = "Pods-CeaCoin.debug.xcconfig"; path = "Pods/Target Support Files/Pods-CeaCoin/Pods-CeaCoin.debug.xcconfig"; sourceTree = "<group>"; };
		48CB36D937CDCF3597EE5CE8 /* Pods-CeaCoin.release.xcconfig */ = {isa = PBXFileReference; includeInIndex = 1; lastKnownFileType = text.xcconfig; name = "Pods-CeaCoin.release.xcconfig"; path = "Pods/Target Support Files/Pods-CeaCoin/Pods-CeaCoin.release.xcconfig"; sourceTree = "<group>"; };
		D334FC4D4EA5F4D8DB3AF38B /* Pods_CeaCoin.framework */ = {isa = PBXFileReference; explicitFileType = wrapper.framework; includeInIndex = 0; path = Pods_CeaCoin.framework; sourceTree = BUILT_PRODUCTS_DIR; };
/* End PBXFileReference section */

/* Begin PBXFrameworksBuildPhase section */
		012731072013285400367E2C /* Frameworks */ = {
			isa = PBXFrameworksBuildPhase;
			buildActionMask = 2147483647;
			files = (
				5E2882DC4B6BDDB2417D68A2 /* Pods_CeaCoin.framework in Frameworks */,
			);
			runOnlyForDeploymentPostprocessing = 0;
		};
/* End PBXFrameworksBuildPhase section */

/* Begin PBXGroup section */
		012731012013285400367E2C = {
			isa = PBXGroup;
			children = (
				0127310C2013285500367E2C /* CeaCoin */,
				0127310B2013285500367E2C /* Products */,
				9CC4EBF2BDB4F74DB8C8F08E /* Pods */,
				4A5FF843996E07DF31A7BF64 /* Frameworks */,
			);
			sourceTree = "<group>";
		};
		0127310B2013285500367E2C /* Products */ = {
			isa = PBXGroup;
			children = (
				0127310A2013285500367E2C /* CeaCoin.app */,
			);
			name = Products;
			sourceTree = "<group>";
		};
		0127310C2013285500367E2C /* CeaCoin */ = {
			isa = PBXGroup;
			children = (
				0127310D2013285500367E2C /* AppDelegate.swift */,
				0127312B201385D500367E2C /* Assets.xcassets */,
				012731192013285500367E2C /* Info.plist */,
				0127311F2013290E00367E2C /* LoginViewController.swift */,
				012731212013291700367E2C /* RegisterViewController.swift */,
				012731372013F1EE00367E2C /* InterMoneyViewController.swift */,
				012731332013DF3D00367E2C /* RegisterTwoViewController.swift */,
				012731232013292700367E2C /* MainViewController.swift */,
				012731252013297100367E2C /* UIColor.swift */,
				0127312F2013AEAE00367E2C /* LineChart.swift */,
				012731312013D64B00367E2C /* SplashViewController.swift */,
				012731352013F14E00367E2C /* ReturnMoneyViewController.swift */,
			);
			path = CeaCoin;
			sourceTree = "<group>";
		};
		4A5FF843996E07DF31A7BF64 /* Frameworks */ = {
			isa = PBXGroup;
			children = (
				D334FC4D4EA5F4D8DB3AF38B /* Pods_CeaCoin.framework */,
			);
			name = Frameworks;
			sourceTree = "<group>";
		};
		9CC4EBF2BDB4F74DB8C8F08E /* Pods */ = {
			isa = PBXGroup;
			children = (
				30D39468EFD31EC434EFF278 /* Pods-CeaCoin.debug.xcconfig */,
				48CB36D937CDCF3597EE5CE8 /* Pods-CeaCoin.release.xcconfig */,
			);
			name = Pods;
			sourceTree = "<group>";
		};
/* End PBXGroup section */

/* Begin PBXNativeTarget section */
		012731092013285400367E2C /* CeaCoin */ = {
			isa = PBXNativeTarget;
			buildConfigurationList = 0127311C2013285500367E2C /* Build configuration list for PBXNativeTarget "CeaCoin" */;
			buildPhases = (
				345898581AEB0C5795424F0E /* [CP] Check Pods Manifest.lock */,
				012731062013285400367E2C /* Sources */,
				012731072013285400367E2C /* Frameworks */,
				012731082013285400367E2C /* Resources */,
				46D8E5D0002DDBE95A41D478 /* [CP] Embed Pods Frameworks */,
				7CCEF31DBE259A2CCBF4D6A0 /* [CP] Copy Pods Resources */,
			);
			buildRules = (
			);
			dependencies = (
			);
			name = CeaCoin;
			productName = CeaCoin;
			productReference = 0127310A2013285500367E2C /* CeaCoin.app */;
			productType = "com.apple.product-type.application";
		};
/* End PBXNativeTarget section */

/* Begin PBXProject section */
		012731022013285400367E2C /* Project object */ = {
			isa = PBXProject;
			attributes = {
				LastSwiftUpdateCheck = 0920;
				LastUpgradeCheck = 0920;
				ORGANIZATIONNAME = "김민서";
				TargetAttributes = {
					012731092013285400367E2C = {
						CreatedOnToolsVersion = 9.2;
						ProvisioningStyle = Automatic;
					};
				};
			};
			buildConfigurationList = 012731052013285400367E2C /* Build configuration list for PBXProject "CeaCoin" */;
			compatibilityVersion = "Xcode 8.0";
			developmentRegion = en;
			hasScannedForEncodings = 0;
			knownRegions = (
				en,
				Base,
			);
			mainGroup = 012731012013285400367E2C;
			productRefGroup = 0127310B2013285500367E2C /* Products */;
			projectDirPath = "";
			projectRoot = "";
			targets = (
				012731092013285400367E2C /* CeaCoin */,
			);
		};
/* End PBXProject section */

/* Begin PBXResourcesBuildPhase section */
		012731082013285400367E2C /* Resources */ = {
			isa = PBXResourcesBuildPhase;
			buildActionMask = 2147483647;
			files = (
				0127312C201385D500367E2C /* Assets.xcassets in Resources */,
			);
			runOnlyForDeploymentPostprocessing = 0;
		};
/* End PBXResourcesBuildPhase section */

/* Begin PBXShellScriptBuildPhase section */
		345898581AEB0C5795424F0E /* [CP] Check Pods Manifest.lock */ = {
			isa = PBXShellScriptBuildPhase;
			buildActionMask = 2147483647;
			files = (
			);
			inputPaths = (
				"${PODS_PODFILE_DIR_PATH}/Podfile.lock",
				"${PODS_ROOT}/Manifest.lock",
			);
			name = "[CP] Check Pods Manifest.lock";
			outputPaths = (
				"$(DERIVED_FILE_DIR)/Pods-CeaCoin-checkManifestLockResult.txt",
			);
			runOnlyForDeploymentPostprocessing = 0;
			shellPath = /bin/sh;
			shellScript = "diff \"${PODS_PODFILE_DIR_PATH}/Podfile.lock\" \"${PODS_ROOT}/Manifest.lock\" > /dev/null\nif [ $? != 0 ] ; then\n    # print error to STDERR\n    echo \"error: The sandbox is not in sync with the Podfile.lock. Run 'pod install' or update your CocoaPods installation.\" >&2\n    exit 1\nfi\n# This output is used by Xcode 'outputs' to avoid re-running this script phase.\necho \"SUCCESS\" > \"${SCRIPT_OUTPUT_FILE_0}\"\n";
			showEnvVarsInLog = 0;
		};
		46D8E5D0002DDBE95A41D478 /* [CP] Embed Pods Frameworks */ = {
			isa = PBXShellScriptBuildPhase;
			buildActionMask = 2147483647;
			files = (
			);
			inputPaths = (
				"${SRCROOT}/Pods/Target Support Files/Pods-CeaCoin/Pods-CeaCoin-frameworks.sh",
				"${BUILT_PRODUCTS_DIR}/Alamofire/Alamofire.framework",
				"${BUILT_PRODUCTS_DIR}/Charts/Charts.framework",
			);
			name = "[CP] Embed Pods Frameworks";
			outputPaths = (
				"${TARGET_BUILD_DIR}/${FRAMEWORKS_FOLDER_PATH}/Alamofire.framework",
				"${TARGET_BUILD_DIR}/${FRAMEWORKS_FOLDER_PATH}/Charts.framework",
			);
			runOnlyForDeploymentPostprocessing = 0;
			shellPath = /bin/sh;
			shellScript = "\"${SRCROOT}/Pods/Target Support Files/Pods-CeaCoin/Pods-CeaCoin-frameworks.sh\"\n";
			showEnvVarsInLog = 0;
		};
		7CCEF31DBE259A2CCBF4D6A0 /* [CP] Copy Pods Resources */ = {
			isa = PBXShellScriptBuildPhase;
			buildActionMask = 2147483647;
			files = (
			);
			inputPaths = (
			);
			name = "[CP] Copy Pods Resources";
			outputPaths = (
			);
			runOnlyForDeploymentPostprocessing = 0;
			shellPath = /bin/sh;
			shellScript = "\"${SRCROOT}/Pods/Target Support Files/Pods-CeaCoin/Pods-CeaCoin-resources.sh\"\n";
			showEnvVarsInLog = 0;
		};
/* End PBXShellScriptBuildPhase section */

/* Begin PBXSourcesBuildPhase section */
		012731062013285400367E2C /* Sources */ = {
			isa = PBXSourcesBuildPhase;
			buildActionMask = 2147483647;
			files = (
				012731382013F1EE00367E2C /* InterMoneyViewController.swift in Sources */,
				012731342013DF3D00367E2C /* RegisterTwoViewController.swift in Sources */,
				012731222013291700367E2C /* RegisterViewController.swift in Sources */,
				012731202013290E00367E2C /* LoginViewController.swift in Sources */,
				012731302013AEAE00367E2C /* LineChart.swift in Sources */,
				0127310E2013285500367E2C /* AppDelegate.swift in Sources */,
				012731242013292700367E2C /* MainViewController.swift in Sources */,
				012731322013D64B00367E2C /* SplashViewController.swift in Sources */,
				012731362013F14E00367E2C /* ReturnMoneyViewController.swift in Sources */,
				012731262013297100367E2C /* UIColor.swift in Sources */,
			);
			runOnlyForDeploymentPostprocessing = 0;
		};
/* End PBXSourcesBuildPhase section */

/* Begin XCBuildConfiguration section */
		0127311A2013285500367E2C /* Debug */ = {
			isa = XCBuildConfiguration;
			buildSettings = {
				ALWAYS_SEARCH_USER_PATHS = NO;
				CLANG_ANALYZER_NONNULL = YES;
				CLANG_ANALYZER_NUMBER_OBJECT_CONVERSION = YES_AGGRESSIVE;
				CLANG_CXX_LANGUAGE_STANDARD = "gnu++14";
				CLANG_CXX_LIBRARY = "libc++";
				CLANG_ENABLE_MODULES = YES;
				CLANG_ENABLE_OBJC_ARC = YES;
				CLANG_WARN_BLOCK_CAPTURE_AUTORELEASING = YES;
				CLANG_WARN_BOOL_CONVERSION = YES;
				CLANG_WARN_COMMA = YES;
				CLANG_WARN_CONSTANT_CONVERSION = YES;
				CLANG_WARN_DIRECT_OBJC_ISA_USAGE = YES_ERROR;
				CLANG_WARN_DOCUMENTATION_COMMENTS = YES;
				CLANG_WARN_EMPTY_BODY = YES;
				CLANG_WARN_ENUM_CONVERSION = YES;
				CLANG_WARN_INFINITE_RECURSION = YES;
				CLANG_WARN_INT_CONVERSION = YES;
				CLANG_WARN_NON_LITERAL_NULL_CONVERSION = YES;
				CLANG_WARN_OBJC_LITERAL_CONVERSION = YES;
				CLANG_WARN_OBJC_ROOT_CLASS = YES_ERROR;
				CLANG_WARN_RANGE_LOOP_ANALYSIS = YES;
				CLANG_WARN_STRICT_PROTOTYPES = YES;
				CLANG_WARN_SUSPICIOUS_MOVE = YES;
				CLANG_WARN_UNGUARDED_AVAILABILITY = YES_AGGRESSIVE;
				CLANG_WARN_UNREACHABLE_CODE = YES;
				CLANG_WARN__DUPLICATE_METHOD_MATCH = YES;
				CODE_SIGN_IDENTITY = "iPhone Developer";
				COPY_PHASE_STRIP = NO;
				DEBUG_INFORMATION_FORMAT = dwarf;
				ENABLE_STRICT_OBJC_MSGSEND = YES;
				ENABLE_TESTABILITY = YES;
				GCC_C_LANGUAGE_STANDARD = gnu11;
				GCC_DYNAMIC_NO_PIC = NO;
				GCC_NO_COMMON_BLOCKS = YES;
				GCC_OPTIMIZATION_LEVEL = 0;
				GCC_PREPROCESSOR_DEFINITIONS = (
					"DEBUG=1",
					"$(inherited)",
				);
				GCC_WARN_64_TO_32_BIT_CONVERSION = YES;
				GCC_WARN_ABOUT_RETURN_TYPE = YES_ERROR;
				GCC_WARN_UNDECLARED_SELECTOR = YES;
				GCC_WARN_UNINITIALIZED_AUTOS = YES_AGGRESSIVE;
				GCC_WARN_UNUSED_FUNCTION = YES;
				GCC_WARN_UNUSED_VARIABLE = YES;
				IPHONEOS_DEPLOYMENT_TARGET = 11.2;
				MTL_ENABLE_DEBUG_INFO = YES;
				ONLY_ACTIVE_ARCH = YES;
				SDKROOT = iphoneos;
				SWIFT_ACTIVE_COMPILATION_CONDITIONS = DEBUG;
				SWIFT_OPTIMIZATION_LEVEL = "-Onone";
			};
			name = Debug;
		};
		0127311B2013285500367E2C /* Release */ = {
			isa = XCBuildConfiguration;
			buildSettings = {
				ALWAYS_SEARCH_USER_PATHS = NO;
				CLANG_ANALYZER_NONNULL = YES;
				CLANG_ANALYZER_NUMBER_OBJECT_CONVERSION = YES_AGGRESSIVE;
				CLANG_CXX_LANGUAGE_STANDARD = "gnu++14";
				CLANG_CXX_LIBRARY = "libc++";
				CLANG_ENABLE_MODULES = YES;
				CLANG_ENABLE_OBJC_ARC = YES;
				CLANG_WARN_BLOCK_CAPTURE_AUTORELEASING = YES;
				CLANG_WARN_BOOL_CONVERSION = YES;
				CLANG_WARN_COMMA = YES;
				CLANG_WARN_CONSTANT_CONVERSION = YES;
				CLANG_WARN_DIRECT_OBJC_ISA_USAGE = YES_ERROR;
				CLANG_WARN_DOCUMENTATION_COMMENTS = YES;
				CLANG_WARN_EMPTY_BODY = YES;
				CLANG_WARN_ENUM_CONVERSION = YES;
				CLANG_WARN_INFINITE_RECURSION = YES;
				CLANG_WARN_INT_CONVERSION = YES;
				CLANG_WARN_NON_LITERAL_NULL_CONVERSION = YES;
				CLANG_WARN_OBJC_LITERAL_CONVERSION = YES;
				CLANG_WARN_OBJC_ROOT_CLASS = YES_ERROR;
				CLANG_WARN_RANGE_LOOP_ANALYSIS = YES;
				CLANG_WARN_STRICT_PROTOTYPES = YES;
				CLANG_WARN_SUSPICIOUS_MOVE = YES;
				CLANG_WARN_UNGUARDED_AVAILABILITY = YES_AGGRESSIVE;
				CLANG_WARN_UNREACHABLE_CODE = YES;
				CLANG_WARN__DUPLICATE_METHOD_MATCH = YES;
				CODE_SIGN_IDENTITY = "iPhone Developer";
				COPY_PHASE_STRIP = NO;
				DEBUG_INFORMATION_FORMAT = "dwarf-with-dsym";
				ENABLE_NS_ASSERTIONS = NO;
				ENABLE_STRICT_OBJC_MSGSEND = YES;
				GCC_C_LANGUAGE_STANDARD = gnu11;
				GCC_NO_COMMON_BLOCKS = YES;
				GCC_WARN_64_TO_32_BIT_CONVERSION = YES;
				GCC_WARN_ABOUT_RETURN_TYPE = YES_ERROR;
				GCC_WARN_UNDECLARED_SELECTOR = YES;
				GCC_WARN_UNINITIALIZED_AUTOS = YES_AGGRESSIVE;
				GCC_WARN_UNUSED_FUNCTION = YES;
				GCC_WARN_UNUSED_VARIABLE = YES;
				IPHONEOS_DEPLOYMENT_TARGET = 11.2;
				MTL_ENABLE_DEBUG_INFO = NO;
				SDKROOT = iphoneos;
				SWIFT_OPTIMIZATION_LEVEL = "-Owholemodule";
				VALIDATE_PRODUCT = YES;
			};
			name = Release;
		};
		0127311D2013285500367E2C /* Debug */ = {
			isa = XCBuildConfiguration;
			baseConfigurationReference = 30D39468EFD31EC434EFF278 /* Pods-CeaCoin.debug.xcconfig */;
			buildSettings = {
				ASSETCATALOG_COMPILER_APPICON_NAME = AppIcon;
				ASSETCATALOG_COMPILER_LAUNCHIMAGE_NAME = LaunchImage;
				CODE_SIGN_STYLE = Automatic;
				DEVELOPMENT_TEAM = ZESNLFKEBA;
				INFOPLIST_FILE = CeaCoin/Info.plist;
				LD_RUNPATH_SEARCH_PATHS = "$(inherited) @executable_path/Frameworks";
				PRODUCT_BUNDLE_IDENTIFIER = com.gimminseo.CeaCoin;
				PRODUCT_NAME = "$(TARGET_NAME)";
				SWIFT_VERSION = 4.0;
				TARGETED_DEVICE_FAMILY = 1;
			};
			name = Debug;
		};
		0127311E2013285500367E2C /* Release */ = {
			isa = XCBuildConfiguration;
			baseConfigurationReference = 48CB36D937CDCF3597EE5CE8 /* Pods-CeaCoin.release.xcconfig */;
			buildSettings = {
				ASSETCATALOG_COMPILER_APPICON_NAME = AppIcon;
				ASSETCATALOG_COMPILER_LAUNCHIMAGE_NAME = LaunchImage;
				CODE_SIGN_STYLE = Automatic;
				DEVELOPMENT_TEAM = ZESNLFKEBA;
				INFOPLIST_FILE = CeaCoin/Info.plist;
				LD_RUNPATH_SEARCH_PATHS = "$(inherited) @executable_path/Frameworks";
				PRODUCT_BUNDLE_IDENTIFIER = com.gimminseo.CeaCoin;
				PRODUCT_NAME = "$(TARGET_NAME)";
				SWIFT_VERSION = 4.0;
				TARGETED_DEVICE_FAMILY = 1;
			};
			name = Release;
		};
/* End XCBuildConfiguration section */

/* Begin XCConfigurationList section */
		012731052013285400367E2C /* Build configuration list for PBXProject "CeaCoin" */ = {
			isa = XCConfigurationList;
			buildConfigurations = (
				0127311A2013285500367E2C /* Debug */,
				0127311B2013285500367E2C /* Release */,
			);
			defaultConfigurationIsVisible = 0;
			defaultConfigurationName = Release;
		};
		0127311C2013285500367E2C /* Build configuration list for PBXNativeTarget "CeaCoin" */ = {
			isa = XCConfigurationList;
			buildConfigurations = (
				0127311D2013285500367E2C /* Debug */,
				0127311E2013285500367E2C /* Release */,
			);
			defaultConfigurationIsVisible = 0;
			defaultConfigurationName = Release;
		};
/* End XCConfigurationList section */
	};
	rootObject = 012731022013285400367E2C /* Project object */;
}
